// !$*UTF8*$!
{
	archiveVersion = 1;
	classes = {
	};
	objectVersion = 50;
	objects = {

/* Begin PBXBuildFile section */
		6D218B83210AED7800A5DC00 /* AppDelegate.m in Sources */ = {isa = PBXBuildFile; fileRef = 6D218B82210AED7800A5DC00 /* AppDelegate.m */; };
		6D218B86210AED7800A5DC00 /* ViewController.m in Sources */ = {isa = PBXBuildFile; fileRef = 6D218B85210AED7800A5DC00 /* ViewController.m */; };
		6D218B89210AED7800A5DC00 /* Main.storyboard in Resources */ = {isa = PBXBuildFile; fileRef = 6D218B87210AED7800A5DC00 /* Main.storyboard */; };
		6D218B8B210AED7900A5DC00 /* Assets.xcassets in Resources */ = {isa = PBXBuildFile; fileRef = 6D218B8A210AED7900A5DC00 /* Assets.xcassets */; };
		6D218B8E210AED7900A5DC00 /* LaunchScreen.storyboard in Resources */ = {isa = PBXBuildFile; fileRef = 6D218B8C210AED7900A5DC00 /* LaunchScreen.storyboard */; };
		6D218B91210AED7A00A5DC00 /* main.m in Sources */ = {isa = PBXBuildFile; fileRef = 6D218B90210AED7A00A5DC00 /* main.m */; };
		A98869967EF7969FD8AAE3AC /* libPods-LZDemo.a in Frameworks */ = {isa = PBXBuildFile; fileRef = 55F8F04A8688EBEF7080EC3F /* libPods-LZDemo.a */; };
/* End PBXBuildFile section */

/* Begin PBXFileReference section */
		35ED6D85E6DB0C4EE8EFED31 /* Pods-LZDemo.release.xcconfig */ = {isa = PBXFileReference; includeInIndex = 1; lastKnownFileType = text.xcconfig; name = "Pods-LZDemo.release.xcconfig"; path = "Pods/Target Support Files/Pods-LZDemo/Pods-LZDemo.release.xcconfig"; sourceTree = "<group>"; };
		55F8F04A8688EBEF7080EC3F /* libPods-LZDemo.a */ = {isa = PBXFileReference; explicitFileType = archive.ar; includeInIndex = 0; path = "libPods-LZDemo.a"; sourceTree = BUILT_PRODUCTS_DIR; };
		6D218B7E210AED7800A5DC00 /* LZDemo.app */ = {isa = PBXFileReference; explicitFileType = wrapper.application; includeInIndex = 0; path = LZDemo.app; sourceTree = BUILT_PRODUCTS_DIR; };
		6D218B81210AED7800A5DC00 /* AppDelegate.h */ = {isa = PBXFileReference; lastKnownFileType = sourcecode.c.h; path = AppDelegate.h; sourceTree = "<group>"; };
		6D218B82210AED7800A5DC00 /* AppDelegate.m */ = {isa = PBXFileReference; lastKnownFileType = sourcecode.c.objc; path = AppDelegate.m; sourceTree = "<group>"; };
		6D218B84210AED7800A5DC00 /* ViewController.h */ = {isa = PBXFileReference; lastKnownFileType = sourcecode.c.h; path = ViewController.h; sourceTree = "<group>"; };
		6D218B85210AED7800A5DC00 /* ViewController.m */ = {isa = PBXFileReference; lastKnownFileType = sourcecode.c.objc; path = ViewController.m; sourceTree = "<group>"; };
		6D218B88210AED7800A5DC00 /* Base */ = {isa = PBXFileReference; lastKnownFileType = file.storyboard; name = Base; path = Base.lproj/Main.storyboard; sourceTree = "<group>"; };
		6D218B8A210AED7900A5DC00 /* Assets.xcassets */ = {isa = PBXFileReference; lastKnownFileType = folder.assetcatalog; path = Assets.xcassets; sourceTree = "<group>"; };
		6D218B8D210AED7900A5DC00 /* Base */ = {isa = PBXFileReference; lastKnownFileType = file.storyboard; name = Base; path = Base.lproj/LaunchScreen.storyboard; sourceTree = "<group>"; };
		6D218B8F210AED7900A5DC00 /* Info.plist */ = {isa = PBXFileReference; lastKnownFileType = text.plist.xml; path = Info.plist; sourceTree = "<group>"; };
		6D218B90210AED7A00A5DC00 /* main.m */ = {isa = PBXFileReference; lastKnownFileType = sourcecode.c.objc; path = main.m; sourceTree = "<group>"; };
		7ED817C0B738C455B99ABE86 /* Pods-LZDemo.debug.xcconfig */ = {isa = PBXFileReference; includeInIndex = 1; lastKnownFileType = text.xcconfig; name = "Pods-LZDemo.debug.xcconfig"; path = "Pods/Target Support Files/Pods-LZDemo/Pods-LZDemo.debug.xcconfig"; sourceTree = "<group>"; };
/* End PBXFileReference section */

/* Begin PBXFrameworksBuildPhase section */
		6D218B7B210AED7800A5DC00 /* Frameworks */ = {
			isa = PBXFrameworksBuildPhase;
			buildActionMask = 2147483647;
			files = (
				A98869967EF7969FD8AAE3AC /* libPods-LZDemo.a in Frameworks */,
			);
			runOnlyForDeploymentPostprocessing = 0;
		};
/* End PBXFrameworksBuildPhase section */

/* Begin PBXGroup section */
		60AF35F157208F2884B431C4 /* Frameworks */ = {
			isa = PBXGroup;
			children = (
				55F8F04A8688EBEF7080EC3F /* libPods-LZDemo.a */,
			);
			name = Frameworks;
			sourceTree = "<group>";
		};
		6D218B75210AED7800A5DC00 = {
			isa = PBXGroup;
			children = (
				6D218B80210AED7800A5DC00 /* LZDemo */,
				6D218B7F210AED7800A5DC00 /* Products */,
				AB8B86A330556427B6F8CCA8 /* Pods */,
				60AF35F157208F2884B431C4 /* Frameworks */,
			);
			sourceTree = "<group>";
		};
		6D218B7F210AED7800A5DC00 /* Products */ = {
			isa = PBXGroup;
			children = (
				6D218B7E210AED7800A5DC00 /* LZDemo.app */,
			);
			name = Products;
			sourceTree = "<group>";
		};
		6D218B80210AED7800A5DC00 /* LZDemo */ = {
			isa = PBXGroup;
			children = (
				6D218B81210AED7800A5DC00 /* AppDelegate.h */,
				6D218B82210AED7800A5DC00 /* AppDelegate.m */,
				6D218B84210AED7800A5DC00 /* ViewController.h */,
				6D218B85210AED7800A5DC00 /* ViewController.m */,
				6D218B87210AED7800A5DC00 /* Main.storyboard */,
				6D218B8A210AED7900A5DC00 /* Assets.xcassets */,
				6D218B8C210AED7900A5DC00 /* LaunchScreen.storyboard */,
				6D218B8F210AED7900A5DC00 /* Info.plist */,
				6D218B90210AED7A00A5DC00 /* main.m */,
			);
			path = LZDemo;
			sourceTree = "<group>";
		};
		AB8B86A330556427B6F8CCA8 /* Pods */ = {
			isa = PBXGroup;
			children = (
				7ED817C0B738C455B99ABE86 /* Pods-LZDemo.debug.xcconfig */,
				35ED6D85E6DB0C4EE8EFED31 /* Pods-LZDemo.release.xcconfig */,
			);
			name = Pods;
			sourceTree = "<group>";
		};
/* End PBXGroup section */

/* Begin PBXNativeTarget section */
		6D218B7D210AED7800A5DC00 /* LZDemo */ = {
			isa = PBXNativeTarget;
			buildConfigurationList = 6D218B94210AED7A00A5DC00 /* Build configuration list for PBXNativeTarget "LZDemo" */;
			buildPhases = (
				367F507FB8EB74B4D405A700 /* [CP] Check Pods Manifest.lock */,
				6D218B7A210AED7800A5DC00 /* Sources */,
				6D218B7B210AED7800A5DC00 /* Frameworks */,
				6D218B7C210AED7800A5DC00 /* Resources */,
			);
			buildRules = (
			);
			dependencies = (
			);
			name = LZDemo;
			productName = LZDemo;
			productReference = 6D218B7E210AED7800A5DC00 /* LZDemo.app */;
			productType = "com.apple.product-type.application";
		};
/* End PBXNativeTarget section */

/* Begin PBXProject section */
		6D218B76210AED7800A5DC00 /* Project object */ = {
			isa = PBXProject;
			attributes = {
				LastUpgradeCheck = 0930;
				ORGANIZATIONNAME = wbj;
				TargetAttributes = {
					6D218B7D210AED7800A5DC00 = {
						CreatedOnToolsVersion = 9.3;
					};
				};
			};
			buildConfigurationList = 6D218B79210AED7800A5DC00 /* Build configuration list for PBXProject "LZDemo" */;
			compatibilityVersion = "Xcode 9.3";
			developmentRegion = en;
			hasScannedForEncodings = 0;
			knownRegions = (
				en,
				Base,
			);
			mainGroup = 6D218B75210AED7800A5DC00;
			productRefGroup = 6D218B7F210AED7800A5DC00 /* Products */;
			projectDirPath = "";
			projectRoot = "";
			targets = (
				6D218B7D210AED7800A5DC00 /* LZDemo */,
			);
		};
/* End PBXProject section */

/* Begin PBXResourcesBuildPhase section */
		6D218B7C210AED7800A5DC00 /* Resources */ = {
			isa = PBXResourcesBuildPhase;
			buildActionMask = 2147483647;
			files = (
				6D218B8E210AED7900A5DC00 /* LaunchScreen.storyboard in Resources */,
				6D218B8B210AED7900A5DC00 /* Assets.xcassets in Resources */,
				6D218B89210AED7800A5DC00 /* Main.storyboard in Resources */,
			);
			runOnlyForDeploymentPostprocessing = 0;
		};
/* End PBXResourcesBuildPhase section */

/* Begin PBXShellScriptBuildPhase section */
		367F507FB8EB74B4D405A700 /* [CP] Check Pods Manifest.lock */ = {
			isa = PBXShellScriptBuildPhase;
			buildActionMask = 2147483647;
			files = (
			);
			inputPaths = (
				"${PODS_PODFILE_DIR_PATH}/Podfile.lock",
				"${PODS_ROOT}/Manifest.lock",
			);
			name = "[CP] Check Pods Manifest.lock";
			outputPaths = (
				"$(DERIVED_FILE_DIR)/Pods-LZDemo-checkManifestLockResult.txt",
			);
			runOnlyForDeploymentPostprocessing = 0;
			shellPath = /bin/sh;
			shellScript = "diff \"${PODS_PODFILE_DIR_PATH}/Podfile.lock\" \"${PODS_ROOT}/Manifest.lock\" > /dev/null\nif [ $? != 0 ] ; then\n    # print error to STDERR\n    echo \"error: The sandbox is not in sync with the Podfile.lock. Run 'pod install' or update your CocoaPods installation.\" >&2\n    exit 1\nfi\n# This output is used by Xcode 'outputs' to avoid re-running this script phase.\necho \"SUCCESS\" > \"${SCRIPT_OUTPUT_FILE_0}\"\n";
			showEnvVarsInLog = 0;
		};
/* End PBXShellScriptBuildPhase section */

/* Begin PBXSourcesBuildPhase section */
		6D218B7A210AED7800A5DC00 /* Sources */ = {
			isa = PBXSourcesBuildPhase;
			buildActionMask = 2147483647;
			files = (
				6D218B86210AED7800A5DC00 /* ViewController.m in Sources */,
				6D218B91210AED7A00A5DC00 /* main.m in Sources */,
				6D218B83210AED7800A5DC00 /* AppDelegate.m in Sources */,
			);
			runOnlyForDeploymentPostprocessing = 0;
		};
/* End PBXSourcesBuildPhase section */

/* Begin PBXVariantGroup section */
		6D218B87210AED7800A5DC00 /* Main.storyboard */ = {
			isa = PBXVariantGroup;
			children = (
				6D218B88210AED7800A5DC00 /* Base */,
			);
			name = Main.storyboard;
			sourceTree = "<group>";
		};
		6D218B8C210AED7900A5DC00 /* LaunchScreen.storyboard */ = {
			isa = PBXVariantGroup;
			children = (
				6D218B8D210AED7900A5DC00 /* Base */,
			);
			name = LaunchScreen.storyboard;
			sourceTree = "<group>";
		};
/* End PBXVariantGroup section */

/* Begin XCBuildConfiguration section */
		6D218B92210AED7A00A5DC00 /* Debug */ = {
			isa = XCBuildConfiguration;
			buildSettings = {
				ALWAYS_SEARCH_USER_PATHS = NO;
				CLANG_ANALYZER_NONNULL = YES;
				CLANG_ANALYZER_NUMBER_OBJECT_CONVERSION = YES_AGGRESSIVE;
				CLANG_CXX_LANGUAGE_STANDARD = "gnu++14";
				CLANG_CXX_LIBRARY = "libc++";
				CLANG_ENABLE_MODULES = YES;
				CLANG_ENABLE_OBJC_ARC = YES;
				CLANG_ENABLE_OBJC_WEAK = YES;
				CLANG_WARN_BLOCK_CAPTURE_AUTORELEASING = YES;
				CLANG_WARN_BOOL_CONVERSION = YES;
				CLANG_WARN_COMMA = YES;
				CLANG_WARN_CONSTANT_CONVERSION = YES;
				CLANG_WARN_DEPRECATED_OBJC_IMPLEMENTATIONS = YES;
				CLANG_WARN_DIRECT_OBJC_ISA_USAGE = YES_ERROR;
				CLANG_WARN_DOCUMENTATION_COMMENTS = YES;
				CLANG_WARN_EMPTY_BODY = YES;
				CLANG_WARN_ENUM_CONVERSION = YES;
				CLANG_WARN_INFINITE_RECURSION = YES;
				CLANG_WARN_INT_CONVERSION = YES;
				CLANG_WARN_NON_LITERAL_NULL_CONVERSION = YES;
				CLANG_WARN_OBJC_IMPLICIT_RETAIN_SELF = YES;
				CLANG_WARN_OBJC_LITERAL_CONVERSION = YES;
				CLANG_WARN_OBJC_ROOT_CLASS = YES_ERROR;
				CLANG_WARN_RANGE_LOOP_ANALYSIS = YES;
				CLANG_WARN_STRICT_PROTOTYPES = YES;
				CLANG_WARN_SUSPICIOUS_MOVE = YES;
				CLANG_WARN_UNGUARDED_AVAILABILITY = YES_AGGRESSIVE;
				CLANG_WARN_UNREACHABLE_CODE = YES;
				CLANG_WARN__DUPLICATE_METHOD_MATCH = YES;
				CODE_SIGN_IDENTITY = "iPhone Developer";
				COPY_PHASE_STRIP = NO;
				DEBUG_INFORMATION_FORMAT = dwarf;
				ENABLE_STRICT_OBJC_MSGSEND = YES;
				ENABLE_TESTABILITY = YES;
				GCC_C_LANGUAGE_STANDARD = gnu11;
				GCC_DYNAMIC_NO_PIC = NO;
				GCC_NO_COMMON_BLOCKS = YES;
				GCC_OPTIMIZATION_LEVEL = 0;
				GCC_PREPROCESSOR_DEFINITIONS = (
					"DEBUG=1",
					"$(inherited)",
				);
				GCC_WARN_64_TO_32_BIT_CONVERSION = YES;
				GCC_WARN_ABOUT_RETURN_TYPE = YES_ERROR;
				GCC_WARN_UNDECLARED_SELECTOR = YES;
				GCC_WARN_UNINITIALIZED_AUTOS = YES_AGGRESSIVE;
				GCC_WARN_UNUSED_FUNCTION = YES;
				GCC_WARN_UNUSED_VARIABLE = YES;
				IPHONEOS_DEPLOYMENT_TARGET = 11.3;
				MTL_ENABLE_DEBUG_INFO = YES;
				ONLY_ACTIVE_ARCH = YES;
				SDKROOT = iphoneos;
			};
			name = Debug;
		};
		6D218B93210AED7A00A5DC00 /* Release */ = {
			isa = XCBuildConfiguration;
			buildSettings = {
				ALWAYS_SEARCH_USER_PATHS = NO;
				CLANG_ANALYZER_NONNULL = YES;
				CLANG_ANALYZER_NUMBER_OBJECT_CONVERSION = YES_AGGRESSIVE;
				CLANG_CXX_LANGUAGE_STANDARD = "gnu++14";
				CLANG_CXX_LIBRARY = "libc++";
				CLANG_ENABLE_MODULES = YES;
				CLANG_ENABLE_OBJC_ARC = YES;
				CLANG_ENABLE_OBJC_WEAK = YES;
				CLANG_WARN_BLOCK_CAPTURE_AUTORELEASING = YES;
				CLANG_WARN_BOOL_CONVERSION = YES;
				CLANG_WARN_COMMA = YES;
				CLANG_WARN_CONSTANT_CONVERSION = YES;
				CLANG_WARN_DEPRECATED_OBJC_IMPLEMENTATIONS = YES;
				CLANG_WARN_DIRECT_OBJC_ISA_USAGE = YES_ERROR;
				CLANG_WARN_DOCUMENTATION_COMMENTS = YES;
				CLANG_WARN_EMPTY_BODY = YES;
				CLANG_WARN_ENUM_CONVERSION = YES;
				CLANG_WARN_INFINITE_RECURSION = YES;
				CLANG_WARN_INT_CONVERSION = YES;
				CLANG_WARN_NON_LITERAL_NULL_CONVERSION = YES;
				CLANG_WARN_OBJC_IMPLICIT_RETAIN_SELF = YES;
				CLANG_WARN_OBJC_LITERAL_CONVERSION = YES;
				CLANG_WARN_OBJC_ROOT_CLASS = YES_ERROR;
				CLANG_WARN_RANGE_LOOP_ANALYSIS = YES;
				CLANG_WARN_STRICT_PROTOTYPES = YES;
				CLANG_WARN_SUSPICIOUS_MOVE = YES;
				CLANG_WARN_UNGUARDED_AVAILABILITY = YES_AGGRESSIVE;
				CLANG_WARN_UNREACHABLE_CODE = YES;
				CLANG_WARN__DUPLICATE_METHOD_MATCH = YES;
				CODE_SIGN_IDENTITY = "iPhone Developer";
				COPY_PHASE_STRIP = NO;
				DEBUG_INFORMATION_FORMAT = "dwarf-with-dsym";
				ENABLE_NS_ASSERTIONS = NO;
				ENABLE_STRICT_OBJC_MSGSEND = YES;
				GCC_C_LANGUAGE_STANDARD = gnu11;
				GCC_NO_COMMON_BLOCKS = YES;
				GCC_WARN_64_TO_32_BIT_CONVERSION = YES;
				GCC_WARN_ABOUT_RETURN_TYPE = YES_ERROR;
				GCC_WARN_UNDECLARED_SELECTOR = YES;
				GCC_WARN_UNINITIALIZED_AUTOS = YES_AGGRESSIVE;
				GCC_WARN_UNUSED_FUNCTION = YES;
				GCC_WARN_UNUSED_VARIABLE = YES;
				IPHONEOS_DEPLOYMENT_TARGET = 11.3;
				MTL_ENABLE_DEBUG_INFO = NO;
				SDKROOT = iphoneos;
				VALIDATE_PRODUCT = YES;
			};
			name = Release;
		};
		6D218B95210AED7A00A5DC00 /* Debug */ = {
			isa = XCBuildConfiguration;
			baseConfigurationReference = 7ED817C0B738C455B99ABE86 /* Pods-LZDemo.debug.xcconfig */;
			buildSettings = {
				ASSETCATALOG_COMPILER_APPICON_NAME = AppIcon;
				CODE_SIGN_STYLE = Automatic;
				DEVELOPMENT_TEAM = JSW5X5F83X;
				INFOPLIST_FILE = LZDemo/Info.plist;
				LD_RUNPATH_SEARCH_PATHS = "$(inherited) @executable_path/Frameworks";
				PRODUCT_BUNDLE_IDENTIFIER = VipKid.LZDemo;
				PRODUCT_NAME = "$(TARGET_NAME)";
				TARGETED_DEVICE_FAMILY = "1,2";
			};
			name = Debug;
		};
		6D218B96210AED7A00A5DC00 /* Release */ = {
			isa = XCBuildConfiguration;
			baseConfigurationReference = 35ED6D85E6DB0C4EE8EFED31 /* Pods-LZDemo.release.xcconfig */;
			buildSettings = {
				ASSETCATALOG_COMPILER_APPICON_NAME = AppIcon;
				CODE_SIGN_STYLE = Automatic;
				DEVELOPMENT_TEAM = JSW5X5F83X;
				INFOPLIST_FILE = LZDemo/Info.plist;
				LD_RUNPATH_SEARCH_PATHS = "$(inherited) @executable_path/Frameworks";
				PRODUCT_BUNDLE_IDENTIFIER = VipKid.LZDemo;
				PRODUCT_NAME = "$(TARGET_NAME)";
				TARGETED_DEVICE_FAMILY = "1,2";
			};
			name = Release;
		};
/* End XCBuildConfiguration section */

/* Begin XCConfigurationList section */
		6D218B79210AED7800A5DC00 /* Build configuration list for PBXProject "LZDemo" */ = {
			isa = XCConfigurationList;
			buildConfigurations = (
				6D218B92210AED7A00A5DC00 /* Debug */,
				6D218B93210AED7A00A5DC00 /* Release */,
			);
			defaultConfigurationIsVisible = 0;
			defaultConfigurationName = Release;
		};
		6D218B94210AED7A00A5DC00 /* Build configuration list for PBXNativeTarget "LZDemo" */ = {
			isa = XCConfigurationList;
			buildConfigurations = (
				6D218B95210AED7A00A5DC00 /* Debug */,
				6D218B96210AED7A00A5DC00 /* Release */,
			);
			defaultConfigurationIsVisible = 0;
			defaultConfigurationName = Release;
		};
/* End XCConfigurationList section */
	};
	rootObject = 6D218B76210AED7800A5DC00 /* Project object */;
}
